
Microsoft Visual Studio Solution File, Format Version 12.00
# Visual Studio Version 17
VisualStudioVersion = 17.4.33103.184
MinimumVisualStudioVersion = 10.0.40219.1
Project("{FAE04EC0-301F-11D3-BF4B-00C04F79EFBC}") = "LoggerBenchmarks", "LoggerBenchmarks\LoggerBenchmarks.csproj", "{5CFB180B-34BC-4044-BF48-AA91E9479FBC}"
EndProject
Global
	GlobalSection(SolutionConfigurationPlatforms) = preSolution
		Debug|Any CPU = Debug|Any CPU
		Release|Any CPU = Release|Any CPU
	EndGlobalSection
	GlobalSection(ProjectConfigurationPlatforms) = postSolution
		{5CFB180B-34BC-4044-BF48-AA91E9479FBC}.Debug|Any CPU.ActiveCfg = Debug|Any CPU
		{5CFB180B-34BC-4044-BF48-AA91E9479FBC}.Debug|Any CPU.Build.0 = Debug|Any CPU
		{5CFB180B-34BC-4044-BF48-AA91E9479FBC}.Release|Any CPU.ActiveCfg = Release|Any CPU
		{5CFB180B-34BC-4044-BF48-AA91E9479FBC}.Release|Any CPU.Build.0 = Release|Any CPU
	EndGlobalSection
	GlobalSection(SolutionProperties) = preSolution
		HideSolutionNode = FALSE
	EndGlobalSection
	GlobalSection(ExtensibilityGlobals) = postSolution
		SolutionGuid = {E9266C4A-0D1F-47EC-BB73-5F6041AAAEF8}
	EndGlobalSection
EndGlobal
